
Microsoft Visual Studio Solution File, Format Version 12.00
# Visual Studio 2015
Project("{FAE04EC0-301F-11D3-BF4B-00C04F79EFBC}") = "Unity VR Test", "Unity VR Test.csproj", "{3D531AC0-FCE4-9D9E-4D85-97BBED750FAA}"
EndProject
Project("{FAE04EC0-301F-11D3-BF4B-00C04F79EFBC}") = "Unity VR Test.Editor", "Unity VR Test.Editor.csproj", "{960E1C52-CA5E-C7AA-7DE7-CDC94602D3F9}"
EndProject
Global
	GlobalSection(SolutionConfigurationPlatforms) = preSolution
		Debug|Any CPU = Debug|Any CPU
		Release|Any CPU = Release|Any CPU
	EndGlobalSection
	GlobalSection(ProjectConfigurationPlatforms) = postSolution
		{3D531AC0-FCE4-9D9E-4D85-97BBED750FAA}.Debug|Any CPU.ActiveCfg = Debug|Any CPU
		{3D531AC0-FCE4-9D9E-4D85-97BBED750FAA}.Debug|Any CPU.Build.0 = Debug|Any CPU
		{3D531AC0-FCE4-9D9E-4D85-97BBED750FAA}.Release|Any CPU.ActiveCfg = Release|Any CPU
		{3D531AC0-FCE4-9D9E-4D85-97BBED750FAA}.Release|Any CPU.Build.0 = Release|Any CPU
		{960E1C52-CA5E-C7AA-7DE7-CDC94602D3F9}.Debug|Any CPU.ActiveCfg = Debug|Any CPU
		{960E1C52-CA5E-C7AA-7DE7-CDC94602D3F9}.Debug|Any CPU.Build.0 = Debug|Any CPU
		{960E1C52-CA5E-C7AA-7DE7-CDC94602D3F9}.Release|Any CPU.ActiveCfg = Release|Any CPU
		{960E1C52-CA5E-C7AA-7DE7-CDC94602D3F9}.Release|Any CPU.Build.0 = Release|Any CPU
	EndGlobalSection
	GlobalSection(SolutionProperties) = preSolution
		HideSolutionNode = FALSE
	EndGlobalSection
EndGlobal
